{
    "_meta": {
        "hash": {
            "sha256": "66afffe4a780f46412f9d38f7efe273a43e87dcaa5288935446970645c55b6e3"
        },
        "pipfile-spec": 6,
        "requires": {
            "python_full_version": "3.11",
            "python_version": "3.11"
        },
        "sources": [
            {
                "name": "pypi",
                "url": "https://pypi.org/simple",
                "verify_ssl": true
            }
        ]
    },
    "default": {
        "grpcio": {
            "hashes": [
                "sha256:0f87bddd6e27fc776aacf7ebfec367b6d49cad0455123951e4488ea99d9b9b8f",
                "sha256:136b53c91ac1d02c8c24201bfdeb56f8b3ac3278668cbb8e0ba49c88069e1bdc",
                "sha256:1733969040989f7acc3d94c22f55b4a9501a30f6aaacdbccfaba0a3ffb255ab7",
                "sha256:176d60a5168d7948539def20b2a3adcce67d72454d9ae05969a2e73f3a0feee7",
                "sha256:1a2b06afe2e50ebfd46247ac3ba60cac523f54ec7792ae9ba6073c12daf26f0a",
                "sha256:1bf949792cee20d2078323a9b02bacbbae002b9e3b9e2433f2741c15bdeba1c4",
                "sha256:22b834cef33429ca6cc28303c9c327ba9a3fafecbf62fae17e9a7b7163cc43ac",
                "sha256:2918948864fec2a11721d91568effffbe0a02b23ecd57f281391d986847982f6",
                "sha256:2bc2d7d8d184e2362b53905cb1708c84cb16354771c04b490485fa07ce3a1d89",
                "sha256:2f609a39f62a6f6f05c7512746798282546358a37ea93c1fcbadf8b2fed162e3",
                "sha256:3601274bc0523f6dc07666c0e01682c94472402ac2fd1226fd96e079863bfa49",
                "sha256:3b03d8f2a07f0fea8c8f74deb59f8352b770e3900d143b3d1475effcb08eec20",
                "sha256:3d14e3c4d65e19d8430a4e28ceb71ace4728776fd6c3ce34016947474479683f",
                "sha256:42f8fee287427b94be63d916c90399ed310ed10aadbf9e2e5538b3e497d269bc",
                "sha256:4bc5fca10aaf74779081e16c2bcc3d5ec643ffd528d9e7b1c9039000ead73bae",
                "sha256:4e4181bfc24413d1e3a37a0b7889bea68d973d4b45dd2bc68bb766c140718f82",
                "sha256:55b453812fa7c7ce2f5c88be3018fb4a490519b6ce80788d5913f3f9d7da8c7b",
                "sha256:566b9395b90cc3d0d0c6404bc8572c7c18786ede549cdb540ae27b58afe0fb91",
                "sha256:5f251c355167b2360537cf17bea2cf0197995e551ab9da6a0a59b3da5e8704f9",
                "sha256:60d2d48b0580e70d2e1954d0d19fa3c2e60dd7cbed826aca104fff518310d1c5",
                "sha256:64229c1e9cea079420527fa8ac45d80fc1e8d3f94deaa35643c381fa8d98f362",
                "sha256:655726919b75ab3c34cdad39da5c530ac6fa32696fb23119e36b64adcfca174a",
                "sha256:662456c4513e298db6d7bd9c3b8df6f75f8752f0ba01fb653e252ed4a59b5a5d",
                "sha256:68c8ebcca945efff9d86d8d6d7bfb0841cf0071024417e2d7f45c5e46b5b08eb",
                "sha256:69e1a8180868a2576f02356565f16635b99088da7df3d45aaa7e24e73a054e31",
                "sha256:6bab67d15ad617aff094c382c882e0177637da73cbc5532d52c07b4ee887a87b",
                "sha256:7d95d71ff35291bab3f1c52f52f474c632db26ea12700c2ff0ea0532cb0b5854",
                "sha256:80d1f4fbb35b0742d3e3d3bb654b7381cd5f015f8497279a1e9c21ba623e01b1",
                "sha256:834988b6c34515545b3edd13e902c1acdd9f2465d386ea5143fb558f153a7176",
                "sha256:8533e6e9c5bd630ca98062e3a1326249e6ada07d05acf191a77bc33f8948f3d8",
                "sha256:85bd5cdf4ed7b2d6438871adf6afff9af7096486fcf51818a81b77ef4dd30907",
                "sha256:86ad489db097141a907c559988c29718719aa3e13370d40e20506f11b4de0d11",
                "sha256:885912559974df35d92219e2dc98f51a16a48395f37b92865ad45186f294096c",
                "sha256:8efe72fde5500f47aca1ef59495cb59c885afe04ac89dd11d810f2de87d935d4",
                "sha256:8f7b5882fb50632ab1e48cb3122d6df55b9afabc265582808036b6e51b9fd6b7",
                "sha256:9e7c4389771855a92934b2846bd807fc25a3dfa820fd912fe6bd8136026b2707",
                "sha256:9e912d3c993a29df6c627459af58975b2e5c897d93287939b9d5065f000249b5",
                "sha256:a8f0302f9ac4e9923f98d8e243939a6fb627cd048f5cd38595c97e38020dffce",
                "sha256:b6a73b2ba83e663b2480a90b82fdae6a7aa6427f62bf43b29912c0cfd1aa2bfa",
                "sha256:c14e803037e572c177ba54a3e090d6eb12efd795d49327c5ee2b3bddb836bf01",
                "sha256:c3d7bd6e3929fd2ea7fbc3f562e4987229ead70c9ae5f01501a46701e08f1ad9",
                "sha256:c98e0b7434a7fa4e3e63f250456eaef52499fba5ae661c58cc5b5477d11e7182",
                "sha256:cce634b10aeab37010449124814b05a62fb5f18928ca878f1bf4750d1f0c815b",
                "sha256:e154d230dc1bbbd78ad2fdc3039fa50ad7ffcf438e4eb2fa30bce223a70c7486",
                "sha256:e1ea6176d7dfd5b941ea01c2ec34de9531ba494d541fe2057c904e601879f249",
                "sha256:e759f9e8bc908aaae0412642afe5416c9f983a80499448fcc7fab8692ae044c3",
                "sha256:e8978003816c7b9eabe217f88c78bc26adc8f9304bf6a594b02e5a49b2ef9c11",
                "sha256:ecde9ab49f58433abe02f9ed076c7b5be839cf0153883a6d23995937a82392fa",
                "sha256:f6ec94f0e50eb8fa1744a731088b966427575e40c2944a980049798b127a687e",
                "sha256:fd3c71aeee838299c5887230b8a1822795325ddfea635edd82954c1eaa831e24",
                "sha256:fe0f540750a13fd8e5da4b3eaba91a785eea8dca5ccd2bc2ffe978caa403090e"
            ],
            "index": "pypi",
            "markers": "python_version >= '3.9'",
            "version": "==1.74.0"
        },
        "grpcio-tools": {
            "hashes": [
                "sha256:03787990b56f5c3b3f72c722a7e74fbc5a3b769bbc31ad426e2c6f6a28a9d7c8",
                "sha256:051ce925b0b99ae2daf61b3cba19962b8655cc2a72758ce4081b89272206f5a3",
                "sha256:0cab5a2c6ae75b555fee8a1a9a9b575205171e1de392fe2d4139a29e67d8f5bb",
                "sha256:0e8c22e390800175417ec646fac99acaadcbd2f5cdb1a27694995ca86d3bbfd3",
                "sha256:187f99fd22de6e63fbf4f30b2e054a2e3c4fb80beec73b1f4716ea86192050f5",
                "sha256:1bdf91eb722f2990085b1342c277e212ec392e37bd493a2a21d9eb9238f28c3e",
                "sha256:1e23ff54dea7f6e9543dcebd2c0f4b7c9af39812966c05e1c5289477cb2bf2f7",
                "sha256:1fdc013118e4e9054b6e1a64d16a0d4a17a4071042e674ada8673406ddb26e59",
                "sha256:333003e6a9dc304da9e6b086294a8d25212c542284e60699a72b456c515f114c",
                "sha256:39045d07f2582b35685858e1616761b7ad45085e446941c8f9f7c6da523f83c3",
                "sha256:406ec87e2fd4cb6a40229fbecebcd11973afd4747484bfd5c2bc2ebe81545b7a",
                "sha256:41040eb1b5d1e582687f6f19cf2efc4c191b6eab56b16f6fba50ac085c5ca4dd",
                "sha256:4b6c5efb331ae9e5f614437f4a5938459a8a5a1ab3dfe133d2bbdeaba39b894d",
                "sha256:519d7cae085ae6695a8031bb990bf7766a922332b0a531e51342abc5431b78b5",
                "sha256:5274a4f227e4bd244e3890a9238bda47b169765421ea87f157e4955ea39b4326",
                "sha256:536f53a6a8d1ba1c469d085066cfa0dd3bb51f07013b71857bc3ad1eabe3ab49",
                "sha256:5ec661f3bb41f0d2a30125ea382f4d5c874bf4f26d4d8e3839bb7e3b3c037b3e",
                "sha256:61d84f6050d7170712600f7ee1dac8849f5dc0bfe0044dd71132ee1e7aa2b373",
                "sha256:6b61337b47d981b4d270e3caa83607a900169617478c034e6f6baf16ab22d333",
                "sha256:6f56d67b04790f84e216353341c6b298f1aeb591e1797fe955f606516c640936",
                "sha256:700d8933684f66dd8edc0324590fa61930bed8f9fb66322a48f5c7ba08386810",
                "sha256:70725de8cf724c54040502f199ea28df0e8bc480175eacbed8c999c9ad4c0ffe",
                "sha256:76072dee9fa99b33eb0c334a16e70d694df762df705c7a2481f702af33d81a28",
                "sha256:77b400d3c87b1f85be505366e299e00214e2266f604ab58616fc77d016336a24",
                "sha256:796796b4d7e83a9cdd03bb95c6774fca060fd209d83fb9af5f043e9c6f06a1fa",
                "sha256:7970a9cf3002bec2eff5a449ac7398b77e5d171cbb534c47258c72409d0aea74",
                "sha256:7e920982b4eaab253affbd45ec6d5ec12d895f5c143374ef4c3eadef49162373",
                "sha256:88ab9eb18b6ac1b4872add6b394073bd8d44eee7c32e4dc60a022e25ffaffb95",
                "sha256:88e535c1cf349e57e371529ea9918f811c5eff88161f322bbc06d6222bad6d50",
                "sha256:98c7b8eb0de6984cd7fa7335ce3383b3bb9a1559edc238c811df88008d5d3593",
                "sha256:9b18afca48b55832402a716ea4634ef2b68927a8a17ddf4038f51812299255c9",
                "sha256:9d9e28fbbab9b9e923c3d286949e8ff81ebbb402458698f0a2b1183b539779db",
                "sha256:a036cd2a4223901e7a9f6a9b394326a9352a4ad70bdd3f1d893f1b231fcfdf7e",
                "sha256:b63e250da44b15c67b9a34c5c30c81059bde528fc8af092d7f43194469f7c719",
                "sha256:b8324cd67f61f7900d227b36913ee5f0302ba3ba8777c8bc705afa8174098d28",
                "sha256:b966f3b93f9d24151591d096ecf9c3fdb419a50d486761f7d28a9a69b028b627",
                "sha256:bef8a16c34e68aaa2d246cd358629f8103730cb96cfc521f720378995f218282",
                "sha256:c3cf9401ce72bc49582c2d80e0a2ee0e573e1c3c998c8bc5f739db8845e8e148",
                "sha256:d1fdf245178158a92a2dc78e3545b6d13b6c917d9b80931fc85cfb3e9534a07d",
                "sha256:d576b7786207359b63c2c2e3c387639b4177cf53b1e43d020b005deead32049e",
                "sha256:d73686934bfdd868be0dbfbfcba2a5f50a8b0b71362e86a133e8efcbdc5cad5d",
                "sha256:db08b91ea0cd66dc4b1b929100e7aa84c9c10c51573c8282ec1ba05b41f887ef",
                "sha256:e2e22460355adbd0f25fdd7ed8b9ae53afb3875b9d5f34cdf1cf12559418245e",
                "sha256:e3d0c33cc984d21525f190cb1af479f8da46370df5f2ced1a4e50769ababd0c0",
                "sha256:e41084adbae7176097aa9d08a13d98c189895ec8c967f5461975750d3537625a",
                "sha256:e85f442a9e89e276bf89a0c9c76ea71647a927d967759333c1fa40300c27f7bd",
                "sha256:f0129a62711dbc1f1efd51d069d2ce0631d69e033bf3a046606c623acf935e08",
                "sha256:f037414c527a2c4a3af15451d9e58d7856d0a62b3f6dd3f5b969ecba82f5e843",
                "sha256:f476f1ec637888a49402a1acff52bb641ec01a8672f60b57c5ee0a1d0e0763d2",
                "sha256:f8f7d17b7573b9a2a6b4183fa4a56a2ab17370c8d0541e1424cf0c9c6f863434",
                "sha256:fc572f8af2d8f13db4b0091dcf518d6ca5c82ea6f59e8716683bd8aeb729b203"
            ],
            "index": "pypi",
            "markers": "python_version >= '3.9'",
            "version": "==1.74.0"
        },
        "line-protocol-parser": {
            "hashes": [
                "sha256:000230fe79197e0fb9f18fc60463a91e1533406719eefc9674d69b4a34290616",
                "sha256:01ec9dced31b9ef70d795af99e9fb58112443eb9cc5d190c629f7d53805de922",
                "sha256:03428bb78e70229026937b5c34ea985f12113349e7cc61434b23a927387e43ee",
                "sha256:07198335b9c0bc3e081ca97b9afffdd7fb58f97ea6a30abf576178a400aa20c5",
                "sha256:08286816284680c313b69cdc31ba843792328fddb05ef0d0580bf12436b953b5",
                "sha256:092fd5e20a0ad369993cc29d7d407281b4ee423afaef3df9696efaceb210d23e",
                "sha256:09acf04b6faaeb538e0ab4808042a9e0a506cb95b0f649ac20208ef5e824ef9b",
                "sha256:0a1a82703a6770663a156927724b90950fcbbbcfeb86355cc4513c958d25e4af",
                "sha256:0a6027c06142956e16d78465b342c7cbfe9e21974fd095c2d9fc006ee09dca8b",
                "sha256:0bd5e9a4b19e8286600bd6f7b584c0530f23f0cf2b6cbf9094c47b4a5e457f25",
                "sha256:0d424a9aef348399591f7621c29c2b615f8fbea61f682b74fb28e28fb4b234dd",
                "sha256:114b72a25b66d63392c9dbed00444a8e5e29ca8fcecd7b797b22a25f6dde3452",
                "sha256:11ff681776430858c358b8aa21a57def06719f8c72f7c12d28f3dfaef91a434f",
                "sha256:125d0e11d02eefdae6893a7b3ab8cfdbafbdf719fd0f132a9cbfe075526e10f4",
                "sha256:136c10e54709884d73f56289aff350dad44eeadff50ea1acf28c7127846bba70",
                "sha256:1439afe20d176ed73aee1f0d6d98e7edb6e5fb13130c697a9dc3d2390bfa22f5",
                "sha256:14fdf3b9cf626ef55b4d74a601b85fc482b5aebbd2e8afffa771bee0acc7580f",
                "sha256:17a401e8c4dee9957c1c18ef32a13b6a8f9a6a2d08bb21d6aac1fc2c991e523c",
                "sha256:17df69cbd51067e8228207df6c22811e54b0df394a8b2ae0e957df4ac68187a4",
                "sha256:18322447e93d65c3d6b541fdd616e68e93b0018aa912192370de4cf99c8d5c43",
                "sha256:1b57440e71db50cf2839ae45a6b656a8f92435e12231fb9580b3d937c8fac5cc",
                "sha256:1dcc44faeca92d4c76edd139af3a5677f46df42c59bc392f1ad049099a9a478e",
                "sha256:1e3088b802c1a37719461abef26acca4a04e4334dcabfe0a7c122b7dd1da4a5e",
                "sha256:1e9023953648fa0ccea94469e3cbaf77cfb1c24a5c6f58a5bafd58cb15f1240b",
                "sha256:1ff2d92b4d9ed159fbb82805d048f3c19c28cb5cf4b4aee9e9f23900975c5b59",
                "sha256:25cc27756c3db083186920d1a4cd79ce0da799be008dd697109b8df0e3f64449",
                "sha256:271d80441e24df563445ead53e30160b341bf45e483b43651a73f5bc15310c12",
                "sha256:2c0a61fdd1d8edceab7c6ebba61aa038b198138c27a6e13abbec99f82a3c2a63",
                "sha256:2c40419834326c45519b4f71d047f8fc208b84fa3a418f29f1482152a6915a9c",
                "sha256:3135c49978982ae9c2164651fb3417c75ee28d89628d6365ae95a4fc87021b0e",
                "sha256:3785ece4c16306d7ef57239958636f1b9693f3d64442a4351e95d2830925eb52",
                "sha256:383ba11e4820b189b3330ebe03cd7b398b082b6589f0b044c5cf3cbe2619c13e",
                "sha256:3e29067fd628fc1104c6eefce0a4733b64446c0dec6b8dffb0eb12e6a3202f56",
                "sha256:3f5dd9296eca4aa64ab3cf404e978aa654a315a93d6aec483e9de7f6b07ffe66",
                "sha256:3f5fdd9650ba1ca2f352293c0d1043df77e00e4a1e97266c6067f74954446326",
                "sha256:3fa0af862a2a543173c8fec92a3aea2fb0a493058d682af74878b13f68d473dd",
                "sha256:42333a09e4e311ce0f4fe9dd28f6dd96374897ed215b1d4f517acf166834e055",
                "sha256:4276059afa07bb2ff3f0b61b37e4016cf26ca7b408217d902f672b2bb1cd0b3a",
                "sha256:4320e3705af52e156358e95253d1e448508bd11969698a1203b60a1d466a9928",
                "sha256:446dd683ce497cd3c2622547100c6e673430c71f2af7e39267d58353fae04aa5",
                "sha256:447dd78dc42a259f20e4ae00bf2b2abf31ed97d2dd547a048e2e58e2e3be76af",
                "sha256:4550cc46e1342b501c5bb6d220bdbaff50e4790c44cacd1f30066805da0a3fa5",
                "sha256:464a04dcda479e79fbbc849896df8361cd5e7b9860d41f3ce6a84b6dcf7fc6da",
                "sha256:46f66a9ac7e1d8e198fc43655d1e86b0cc5e9fc7192ebd8ee475724ea4bc9a08",
                "sha256:4714996acd4cd7927c37df3c9a37a50230fdc4192492fb3f6c86248109011344",
                "sha256:480fc2f3314e15219e5d349da21bc906c2bc77111c3b5d9ca7d05e89e71c195d",
                "sha256:49410fd0fc6aacf499c2f09c62513969f1139ceeedc6b03cfb6f7e079f56b7e3",
                "sha256:4ac8f6971f1c209ce787ea39751409b10453bba7f0379dfa1afc26033190b87e",
                "sha256:4e715aa8e66a1292c92ae23a88b37db4805cade88da63e6abec3a8ab9e4caa88",
                "sha256:4e8365d4e67efa2c59bcf9c865f00c414f1efc1f5b3477682b898fba46587f38",
                "sha256:50a53d409b26f56b28b3cc1cd78c1e049d16c679441aeb9ef571c0a4b599f6a4",
                "sha256:528beac9dba7d1189982946a5f5a12cc4fc70155f78a29b0e62e700073b4a2d7",
                "sha256:5421d3e19e8a0d79073777f44d06b5e38fe0600db7a15727e4e3a43cce47a2bc",
                "sha256:5820efd60428b4ac659ccc4c4b6261b96fee1d9b2d52b0c35fe9e5424d359453",
                "sha256:58b0415b0b80b4e37703336bce6e448cfcb2e4f88a681a9ea572839bde4048f5",
                "sha256:5b9de1afe3fcc45720cd8b51652b20f601b3b6cc2ed29f3e5667b3b5b1939e9d",
                "sha256:5be0705587ecb5bc93381d79ea65605bd3c18bb06ea8e5e9d5b12fa69b97b4e9",
                "sha256:5c53f7cc78bae013d0682eca1b636623f4f878e674b8f46aac1ad53b4432c107",
                "sha256:5d83d63ae4bee1ef8287203a71c15471d6b7c0c1a2cfa929d311599deaf70362",
                "sha256:62969348605e4839252a5f727771f88f043321652a26e5e038849b15d1ad185d",
                "sha256:63aed9c5d368e3bb71c850e45eab286eacad8927fae6976fb0b6fd6f6227815a",
                "sha256:66d614d81dc74f7f028b53b90eadbf5dcace12a2513d7e48f842d8f5d8257a25",
                "sha256:67902708d8bd2beb0f9d25cf2589b1365461640e2995989af572976144d26f76",
                "sha256:67f34af3bd957455fc7eed2c29e00a8d32383369e1b06e136f9c79a69474e8a0",
                "sha256:681b8a376002934defe76f457922f6832edc613486f8eb2979d65af161146eb8",
                "sha256:6c5cf1edff08eca23e0e5abc806e7ea57fb1370ba63d75ca743df7895ba18fc0",
                "sha256:6cb5d543e33fcc544ac9a7a89613d0383d046ea55ff3382b0878823404877781",
                "sha256:6cd30cfcefb5ffc0868d4fc9e96fc55e60dffd42813ad70acf93175511d16a86",
                "sha256:754de44624c6b672f89684908cf75f96d38de801c58de4d41eb88beef1085e2b",
                "sha256:76fc1bfb579a21f20352a675e28ff7605bf0d93cdad8ef50ea3cee063b227fca",
                "sha256:7b2aee01b3443f47124ffe89b04f8446e6209b7aa2dc905ec6603f913244d8ce",
                "sha256:7def7bdee5a9eb57f2424232181b0efc90f909d0d7cd9c76c812198c5093666b",
                "sha256:80114146157715927f43344bb12c1001bd1ba2796a25fb7920335d6177ae7c1d",
                "sha256:80f458c143083cca531c4e9a75cd330c04f0068cc47783c88a87ff7e3f6e81d7",
                "sha256:8393eeed8d38378e6051588805627325c3d76c6b554eaf83bb54bb45c5f4ce8f",
                "sha256:8a8c4ea3b6a102077b1e055ee2a1fdf9f8c24fdfffa28752329f8ab680900606",
                "sha256:8be2535b0b438c2de4456a72dd0809d338b578d256dc9ec61daf0a0268ec5cf7",
                "sha256:8bff9cb25e61c798ed53f553c15250724e1029e207af043c6b9c9ae21aca8f23",
                "sha256:8caa79f87df731714fd98fc3ac379c92538b157452e89a57eede281542f0e496",
                "sha256:8e4b1ca5fc8fb428fbac4d6e70181c79ee2ad53195a5c9b5963e20fa790eb75c",
                "sha256:8f4155ef267289c2d03c1d869028dd230fa9da54ffc8cc2994b1b021a0c50700",
                "sha256:91db3378c6433667537ecbe9bebfeb1da118de609d8a7edb77c5423183f4217e",
                "sha256:9655094bfa94132c3a5becd73b309b9f2512dac2392357a8027896f55267eff5",
                "sha256:96b2a1dface0a21feb865e89424c0ee3532950fc7222f99fcd8a8ac048a160a9",
                "sha256:973764abaebcfb492b5589e53f616bb0b3ceece87cc910d22bf2b0850a53cae3",
                "sha256:99bf76b44987fcba19045bdb4f92a294ae50719931f4a44b09a55bfa348e516f",
                "sha256:9e45925a2386b563c8076f6619be02336e26135d3a685437b784b805817c7280",
                "sha256:a030a6313c48965fb161fbf74bcfb5d139e8f90816042f1582216f650746183d",
                "sha256:a143289ba113b6123126a486e5934c4e9c1d7b18cd1f6339f78a37a0ad0cd2ea",
                "sha256:a390f1abec3ad5a84b99d9c99c5dd8ef50995069202b97407bb7126641ad4bdc",
                "sha256:a6db4410c561c72936f2a84c4a68a95adf60e94a70baa8e5ffaa069744487ddc",
                "sha256:a70570ec52306802b762f1e733108840d0a7b6549026c41dd8bcd920f36ec528",
                "sha256:a94292a6741206562fe9cf3a1ce0faa8c3f1400001457e83ddf62ce36ab5d0ee",
                "sha256:ab68995ed7301f8805b075ca9c9cfc358bc473eceb47915f87c1cd6f91789c4c",
                "sha256:abd4c13e864641d601509a2b84614843e87e4cc1193455e3880b8bac52372e25",
                "sha256:aee455fa165110386a9616f9c71ba2799be85eb68f494ab944af492e80b4bb6a",
                "sha256:af292edf03e7d459f9e1390566ab57cd0ce8274fbe8165ee5de80dd01d507b62",
                "sha256:b13f49a82ccbd68fafbfdd775bf88055abbe23fc8b6048c66725300624beb86d",
                "sha256:b1ca24ece1a1a383c177dc195d48cec85e55cb96b988d5dd19739ffa98f58423",
                "sha256:b319422115201479c7f54dd81a7736de8436176c51fdc5472584e3e2a2051c91",
                "sha256:b6773921d8cf1167ec4b08fa597742223ca75e715f80a5e8796a6f9088cccffc",
                "sha256:b6fded0f6f9eae370fd0c89c28254ffc42731d6a67a675624e9c0b854c6c4424",
                "sha256:b7433547cf3b5abb13ce9b11b1cf58c393d3dee271a648717bff17f32abf37fe",
                "sha256:b8384b1da9dbf173246e0018829f973ab1f02481a7d86299c6cf4c314c5c7bf1",
                "sha256:b9cdedfc48432e1688580859e3fce5f0d54fc33579af29e3847e1e0308be5d68",
                "sha256:bd683ff4be2c1b42d357aae01a3700d4697ad625bf7c5ad6b603def98420d73f",
                "sha256:c0e1b2c45c7205b89071f1787a46cbd0ab3bd8570284bc2f3ff982e88645c767",
                "sha256:c0fc3da0de41a0332c96329473bfd37ef568bbaa6fba7e06c19b0fc84f5e3047",
                "sha256:c52496397c3262c4c6283c440a7527aa9848ccbe940f8aa2e1084b7446dd6d2c",
                "sha256:c58438b72734370282354c56cbd9e9966f5b042ff8c03e9a322198e73efcfb42",
                "sha256:c60e1b94cd90a1d5da671768dd1f37a35f9e3bc85d9b1ca210cf067b4070f198",
                "sha256:c71069d2a41e8c49dee7d572f3d74f7971f47db621e0a02b5f78e75698c0cea7",
                "sha256:c795d77e9a5eea78d0279701f7c4d4dc039d4eb325c518c05b0fd638d00d3222",
                "sha256:c851bcc91e85e3fc16bfa13b58e045dc1be0fd7eb9bcccecb662f332a8d3e282",
                "sha256:cb9fc2c6bc44dbc99791b8239d86aa90aace2766062f2a43aaec651840527fcf",
                "sha256:cc76e92c390ef54a81a81c2f98f51daf82e5b0461e78f51aba9097afc5819ff8",
                "sha256:cc89bceb3b2b4774ba42462ba45c02717a38e14b0ced838a881e3229f065d117",
                "sha256:cdc03b37f81a25798c9178ddeaa806aa3af73fabd28982a8c8460bb4f1796996",
                "sha256:ced0e67f7d088ed0b40559e9a03c7e7e95b2b4417cbed9af4335c48d7568053c",
                "sha256:d22a4daa6a8deafad9a1ca375d977af00202b243acbc6d6fe2760da08ac59186",
                "sha256:d4e0939bf80f1016ebe6e7bd74c56500bf614951d131fe3044a50997b8b2591f",
                "sha256:d5bff4ecde850c1e54345c1b71d6b6fe58af401c4ce2bffad8292a8fd9848f16",
                "sha256:d6a40f105f7a1692b8d22b2065bf3ae78b4b819d471af3f80bc1e47b7cc42f5e",
                "sha256:dc8d7c92e17bf85d019e68709e28f5979497e81948d5e65e257b3836a661b9a9",
                "sha256:ddac66fb7b42713180a3cc95ae62c964e0348563f01def3d7938f2de72e169e7",
                "sha256:e08c97226dee70b31222d9199661a7c685d878a11e25b106c358176099eaa294",
                "sha256:e0f01ee5e457f9e13a9ed6bab82ea0bc30bbe5fc8853b94784dd442f41d4484f",
                "sha256:e342c46cb63b56ba6e55abe1dc3c39624c5f4fcb92a723028d2ec1fa505ca4e4",
                "sha256:e35817cee21ca6a65cb60d50217eb754281907844c3952c39cbcbe27d30218b8",
                "sha256:e54d5a2cbeb9742953af50fc00772ffa2587d3bfa2bc20186775d11d9ab63cdb",
                "sha256:e5d7cb39ca85560d9bdf3a29c12bac66cf75f064f54c9f85babbda2187e0086e",
                "sha256:e6a7a7c52b2d72947cb6d8f977c4d01d591973e2ba4ba884fdf9f7d6668b0a5b",
                "sha256:ec155fc973aaa1ff15c32ad7a874dd8a0470e4b0bf2984b2f9564f6b79f90f48",
                "sha256:ec2a1ddef6921296a25163d132331718a0730ed1f203f4c645efc44b32e66026",
                "sha256:ecca09a7a9883c55003b0cea8f3b044e0067fe68b80c958f6716654356133cb7",
                "sha256:ed4883a2c35830d888401953396fe212398ebbac9880f4c4ac24bc7bf0ff80d6",
                "sha256:ed76ee40ee863bc16638a993e38e5b5f41edf744757ae0cc5a329bcd0b3175c8",
                "sha256:ef5d8ffbb25ad5e825228ce61b12a3dd3f16a06f311339c279506520cf416bcb",
                "sha256:ef95c1b886117eb5447db76c7f670bc7c069b15ab7b63a2d7c52c6d3964fa752",
                "sha256:efc2663bef8eaebda3c5f5ac7c9f1aaebb16b22bdc512f94b2e7c2e7758a9eee",
                "sha256:f10a79267d1ea21222fe2a5e999ab6906b66397ce86256645e6121bf2c0afecd",
                "sha256:f59f526a7a2702144f2e8178f8b69c7a9320ef9415f97299f255a47fbdcbb035",
                "sha256:f7422c8bf245f6fbf52ec62a752b9a1a8cdcb0833474a983f68801a0b4a04459",
                "sha256:f85ba172abe584c51123538b79adfad0752bc0f91a10bae8b3464a8a7d46a20e",
                "sha256:f9290659dbe9a1474c1a18603f53b5354441e26140bfff607b4fe3dafd073b2d",
                "sha256:f951f666525583c80acd8eb1bb21004d91722726e14be4ebaaaaa5b74c7e3fa1",
                "sha256:fa57ec0f572756f59356ca000fc3a6fbb604782c91a50f67c0d5f3c90fbc2a20",
                "sha256:fec8bcada1d4d3edd9d7f37082d438f17c36f033d1a315c71fb5fb8a0e88222d"
            ],
            "index": "pypi",
            "version": "==1.1.1"
        },
        "numpy": {
            "hashes": [
                "sha256:07b62978075b67eee4065b166d000d457c82a1efe726cce608b9db9dd66a73a5",
                "sha256:087ffc25890d89a43536f75c5fe8770922008758e8eeeef61733957041ed2f9b",
                "sha256:092aeb3449833ea9c0bf0089d70c29ae480685dd2377ec9cdbbb620257f84631",
                "sha256:095737ed986e00393ec18ec0b21b47c22889ae4b0cd2d5e88342e08b01141f58",
                "sha256:0a4f2021a6da53a0d580d6ef5db29947025ae8b35b3250141805ea9a32bbe86b",
                "sha256:103ea7063fa624af04a791c39f97070bf93b96d7af7eb23530cd087dc8dbe9dc",
                "sha256:11e58218c0c46c80509186e460d79fbdc9ca1eb8d8aee39d8f2dc768eb781089",
                "sha256:122bf5ed9a0221b3419672493878ba4967121514b1d7d4656a7580cd11dddcbf",
                "sha256:14a91ebac98813a49bc6aa1a0dfc09513dcec1d97eaf31ca21a87221a1cdcb15",
                "sha256:1f91e5c028504660d606340a084db4b216567ded1056ea2b4be4f9d10b67197f",
                "sha256:20b8200721840f5621b7bd03f8dcd78de33ec522fc40dc2641aa09537df010c3",
                "sha256:240259d6564f1c65424bcd10f435145a7644a65a6811cfc3201c4a429ba79170",
                "sha256:2738534837c6a1d0c39340a190177d7d66fdf432894f469728da901f8f6dc910",
                "sha256:27c9f90e7481275c7800dc9c24b7cc40ace3fdb970ae4d21eaff983a32f70c91",
                "sha256:293b2192c6bcce487dbc6326de5853787f870aeb6c43f8f9c6496db5b1781e45",
                "sha256:2c3271cc4097beb5a60f010bcc1cc204b300bb3eafb4399376418a83a1c6373c",
                "sha256:2f4f0215edb189048a3c03bd5b19345bdfa7b45a7a6f72ae5945d2a28272727f",
                "sha256:3dcf02866b977a38ba3ec10215220609ab9667378a9e2150615673f3ffd6c73b",
                "sha256:4209f874d45f921bde2cff1ffcd8a3695f545ad2ffbef6d3d3c6768162efab89",
                "sha256:448a66d052d0cf14ce9865d159bfc403282c9bc7bb2a31b03cc18b651eca8b1a",
                "sha256:4ae6863868aaee2f57503c7a5052b3a2807cf7a3914475e637a0ecd366ced220",
                "sha256:4d002ecf7c9b53240be3bb69d80f86ddbd34078bae04d87be81c1f58466f264e",
                "sha256:4e6ecfeddfa83b02318f4d84acf15fbdbf9ded18e46989a15a8b6995dfbf85ab",
                "sha256:508b0eada3eded10a3b55725b40806a4b855961040180028f52580c4729916a2",
                "sha256:546aaf78e81b4081b2eba1d105c3b34064783027a06b3ab20b6eba21fb64132b",
                "sha256:572d5512df5470f50ada8d1972c5f1082d9a0b7aa5944db8084077570cf98370",
                "sha256:5ad4ebcb683a1f99f4f392cc522ee20a18b2bb12a2c1c42c3d48d5a1adc9d3d2",
                "sha256:66459dccc65d8ec98cc7df61307b64bf9e08101f9598755d42d8ae65d9a7a6ee",
                "sha256:6936aff90dda378c09bea075af0d9c675fe3a977a9d2402f95a87f440f59f619",
                "sha256:69779198d9caee6e547adb933941ed7520f896fd9656834c300bdf4dd8642712",
                "sha256:6f1ae3dcb840edccc45af496f312528c15b1f79ac318169d094e85e4bb35fdf1",
                "sha256:71669b5daae692189540cffc4c439468d35a3f84f0c88b078ecd94337f6cb0ec",
                "sha256:72c6df2267e926a6d5286b0a6d556ebe49eae261062059317837fda12ddf0c1a",
                "sha256:72dbebb2dcc8305c431b2836bcc66af967df91be793d63a24e3d9b741374c450",
                "sha256:754d6755d9a7588bdc6ac47dc4ee97867271b17cee39cb87aef079574366db0a",
                "sha256:76c3e9501ceb50b2ff3824c3589d5d1ab4ac857b0ee3f8f49629d0de55ecf7c2",
                "sha256:7a0e27186e781a69959d0230dd9909b5e26024f8da10683bd6344baea1885168",
                "sha256:7d6e390423cc1f76e1b8108c9b6889d20a7a1f59d9a60cac4a050fa734d6c1e2",
                "sha256:8145dd6d10df13c559d1e4314df29695613575183fa2e2d11fac4c208c8a1f73",
                "sha256:8446acd11fe3dc1830568c941d44449fd5cb83068e5c70bd5a470d323d448296",
                "sha256:852ae5bed3478b92f093e30f785c98e0cb62fa0a939ed057c31716e18a7a22b9",
                "sha256:87c930d52f45df092f7578889711a0768094debf73cfcde105e2d66954358125",
                "sha256:8b1224a734cd509f70816455c3cffe13a4f599b1bf7130f913ba0e2c0b2006c0",
                "sha256:8dc082ea901a62edb8f59713c6a7e28a85daddcb67454c839de57656478f5b19",
                "sha256:906a30249315f9c8e17b085cc5f87d3f369b35fedd0051d4a84686967bdbbd0b",
                "sha256:938065908d1d869c7d75d8ec45f735a034771c6ea07088867f713d1cd3bbbe4f",
                "sha256:9c144440db4bf3bb6372d2c3e49834cc0ff7bb4c24975ab33e01199e645416f2",
                "sha256:9e196ade2400c0c737d93465327d1ae7c06c7cb8a1756121ebf54b06ca183c7f",
                "sha256:a3ef07ec8cbc8fc9e369c8dcd52019510c12da4de81367d8b20bc692aa07573a",
                "sha256:a7af9ed2aa9ec5950daf05bb11abc4076a108bd3c7db9aa7251d5f107079b6a6",
                "sha256:a9f66e7d2b2d7712410d3bc5684149040ef5f19856f20277cd17ea83e5006286",
                "sha256:aa098a5ab53fa407fded5870865c6275a5cd4101cfdef8d6fafc48286a96e981",
                "sha256:af58de8745f7fa9ca1c0c7c943616c6fe28e75d0c81f5c295810e3c83b5be92f",
                "sha256:b05a89f2fb84d21235f93de47129dd4f11c16f64c87c33f5e284e6a3a54e43f2",
                "sha256:b5e40e80299607f597e1a8a247ff8d71d79c5b52baa11cc1cce30aa92d2da6e0",
                "sha256:b9d0878b21e3918d76d2209c924ebb272340da1fb51abc00f986c258cd5e957b",
                "sha256:bc3186bea41fae9d8e90c2b4fb5f0a1f5a690682da79b92574d63f56b529080b",
                "sha256:c63d95dc9d67b676e9108fe0d2182987ccb0f11933c1e8959f42fa0da8d4fa56",
                "sha256:c771cfac34a4f2c0de8e8c97312d07d64fd8f8ed45bc9f5726a7e947270152b5",
                "sha256:c8d9727f5316a256425892b043736d63e89ed15bbfe6556c5ff4d9d4448ff3b3",
                "sha256:cbc95b3813920145032412f7e33d12080f11dc776262df1712e1638207dde9e8",
                "sha256:cefc2219baa48e468e3db7e706305fcd0c095534a192a08f31e98d83a7d45fb0",
                "sha256:d95f59afe7f808c103be692175008bab926b59309ade3e6d25009e9a171f7036",
                "sha256:dd937f088a2df683cbb79dda9a772b62a3e5a8a7e76690612c2737f38c6ef1b6",
                "sha256:de6ea4e5a65d5a90c7d286ddff2b87f3f4ad61faa3db8dabe936b34c2275b6f8",
                "sha256:e0486a11ec30cdecb53f184d496d1c6a20786c81e55e41640270130056f8ee48",
                "sha256:ee807923782faaf60d0d7331f5e86da7d5e3079e28b291973c545476c2b00d07",
                "sha256:efc81393f25f14d11c9d161e46e6ee348637c0a1e8a54bf9dedc472a3fae993b",
                "sha256:f0a1a8476ad77a228e41619af2fa9505cf69df928e9aaa165746584ea17fed2b",
                "sha256:f75018be4980a7324edc5930fe39aa391d5734531b1926968605416ff58c332d",
                "sha256:f92d6c2a8535dc4fe4419562294ff957f83a16ebdec66df0805e473ffaad8bd0",
                "sha256:fb1752a3bb9a3ad2d6b090b88a9a0ae1cd6f004ef95f75825e2f382c183b2097",
                "sha256:fc927d7f289d14f5e037be917539620603294454130b6de200091e23d27dc9be",
                "sha256:fed5527c4cf10f16c6d0b6bee1f89958bccb0ad2522c8cadc2efd318bcd545f5"
            ],
            "markers": "python_version >= '3.11'",
            "version": "==2.3.2"
        },
        "pandas": {
            "hashes": [
                "sha256:0064187b80a5be6f2f9c9d6bdde29372468751dfa89f4211a3c5871854cfbf7a",
                "sha256:0bd281310d4f412733f319a5bc552f86d62cddc5f51d2e392c8787335c994175",
                "sha256:0c6ecbac99a354a051ef21c5307601093cb9e0f4b1855984a084bfec9302699e",
                "sha256:0cee69d583b9b128823d9514171cabb6861e09409af805b54459bd0c821a35c2",
                "sha256:114c2fe4f4328cf98ce5716d1532f3ab79c5919f95a9cfee81d9140064a2e4d6",
                "sha256:12d039facec710f7ba305786837d0225a3444af7bbd9c15c32ca2d40d157ed8b",
                "sha256:1333e9c299adcbb68ee89a9bb568fc3f20f9cbb419f1dd5225071e6cddb2a743",
                "sha256:13bd629c653856f00c53dc495191baa59bcafbbf54860a46ecc50d3a88421a96",
                "sha256:1b9b52693123dd234b7c985c68b709b0b009f4521000d0525f2b95c22f15944b",
                "sha256:1d81573b3f7db40d020983f78721e9bfc425f411e616ef019a10ebf597aedb2e",
                "sha256:213a5adf93d020b74327cb2c1b842884dbdd37f895f42dcc2f09d451d949f811",
                "sha256:21bb612d148bb5860b7eb2c10faacf1a810799245afd342cf297d7551513fbb6",
                "sha256:220cc5c35ffaa764dd5bb17cf42df283b5cb7fdf49e10a7b053a06c9cb48ee2b",
                "sha256:2319656ed81124982900b4c37f0e0c58c015af9a7bbc62342ba5ad07ace82ba9",
                "sha256:36d627906fd44b5fd63c943264e11e96e923f8de77d6016dc2f667b9ad193438",
                "sha256:3fbb977f802156e7a3f829e9d1d5398f6192375a3e2d1a9ee0803e35fe70a2b9",
                "sha256:42c05e15111221384019897df20c6fe893b2f697d03c811ee67ec9e0bb5a3424",
                "sha256:45178cf09d1858a1509dc73ec261bf5b25a625a389b65be2e47b559905f0ab6a",
                "sha256:48fa91c4dfb3b2b9bfdb5c24cd3567575f4e13f9636810462ffed8925352be5a",
                "sha256:4ac8c320bded4718b298281339c1a50fb00a6ba78cb2a63521c39bec95b0209b",
                "sha256:52bc29a946304c360561974c6542d1dd628ddafa69134a7131fdfd6a5d7a1a35",
                "sha256:76972bcbd7de8e91ad5f0ca884a9f2c477a2125354af624e022c49e5bd0dfff4",
                "sha256:77cefe00e1b210f9c76c697fedd8fdb8d3dd86563e9c8adc9fa72b90f5e9e4c2",
                "sha256:837248b4fc3a9b83b9c6214699a13f069dc13510a6a6d7f9ba33145d2841a012",
                "sha256:88080a0ff8a55eac9c84e3ff3c7665b3b5476c6fbc484775ca1910ce1c3e0b87",
                "sha256:8c13b81a9347eb8c7548f53fd9a4f08d4dfe996836543f805c987bafa03317ae",
                "sha256:9467697b8083f9667b212633ad6aa4ab32436dcbaf4cd57325debb0ddef2012f",
                "sha256:96d31a6b4354e3b9b8a2c848af75d31da390657e3ac6f30c05c82068b9ed79b9",
                "sha256:a9d7ec92d71a420185dec44909c32e9a362248c4ae2238234b76d5be37f208cc",
                "sha256:ab7b58f8f82706890924ccdfb5f48002b83d2b5a3845976a9fb705d36c34dcdb",
                "sha256:b37205ad6f00d52f16b6d09f406434ba928c1a1966e2771006a9033c736d30d2",
                "sha256:b62d586eb25cb8cb70a5746a378fc3194cb7f11ea77170d59f889f5dfe3cec7a",
                "sha256:b98bdd7c456a05eef7cd21fd6b29e3ca243591fe531c62be94a2cc987efb5ac2",
                "sha256:c253828cb08f47488d60f43c5fc95114c771bbfff085da54bfc79cb4f9e3a372",
                "sha256:c624b615ce97864eb588779ed4046186f967374185c047070545253a52ab2d57",
                "sha256:c6f048aa0fd080d6a06cc7e7537c09b53be6642d330ac6f54a600c3ace857ee9",
                "sha256:cc03acc273c5515ab69f898df99d9d4f12c4d70dbfc24c3acc6203751d0804cf",
                "sha256:d25c20a03e8870f6339bcf67281b946bd20b86f1a544ebbebb87e66a8d642cba",
                "sha256:d2c3554bd31b731cd6490d94a28f3abb8dd770634a9e06eb6d2911b9827db370",
                "sha256:d4a558c7620340a0931828d8065688b3cc5b4c8eb674bcaf33d18ff4a6870b4a",
                "sha256:df4df0b9d02bb873a106971bb85d448378ef14b86ba96f035f50bbd3688456b4",
                "sha256:e190b738675a73b581736cc8ec71ae113d6c3768d0bd18bffa5b9a0927b0b6ea"
            ],
            "index": "pypi",
            "markers": "python_version >= '3.9'",
            "version": "==2.3.2"
        },
        "pika": {
            "hashes": [
                "sha256:0779a7c1fafd805672796085560d290213a465e4f6f76a6fb19e378d8041a14f",
                "sha256:b2a327ddddf8570b4965b3576ac77091b850262d34ce8c1d8cb4e4146aa4145f"
            ],
            "index": "pypi",
            "markers": "python_version >= '3.7'",
            "version": "==1.3.2"
        },
        "protobuf": {
            "hashes": [
                "sha256:15eba1b86f193a407607112ceb9ea0ba9569aed24f93333fe9a497cf2fda37d3",
                "sha256:501fe6372fd1c8ea2a30b4d9be8f87955a64d6be9c88a973996cef5ef6f0abf1",
                "sha256:75a2aab2bd1aeb1f5dc7c5f33bcb11d82ea8c055c9becbb41c26a8c43fd7092c",
                "sha256:7db8ed09024f115ac877a1427557b838705359f047b2ff2f2b2364892d19dacb",
                "sha256:84f9e3c1ff6fb0308dbacb0950d8aa90694b0d0ee68e75719cb044b7078fe741",
                "sha256:a81439049127067fc49ec1d36e25c6ee1d1a2b7be930675f919258d03c04e7d2",
                "sha256:a8bdbb2f009cfc22a36d031f22a625a38b615b5e19e558a7b756b3279723e68e",
                "sha256:ba377e5b67b908c8f3072a57b63e2c6a4cbd18aea4ed98d2584350dbf46f2783",
                "sha256:d52691e5bee6c860fff9a1c86ad26a13afbeb4b168cd4445c922b7e2cf85aaf0"
            ],
            "markers": "python_version >= '3.9'",
            "version": "==6.32.0"
        },
        "python-dateutil": {
            "hashes": [
                "sha256:37dd54208da7e1cd875388217d5e00ebd4179249f90fb72437e91a35459a0ad3",
                "sha256:a8b2bc7bffae282281c8140a97d3aa9c14da0b136dfe83f850eea9a5f7470427"
            ],
            "markers": "python_version >= '2.7' and python_version not in '3.0, 3.1, 3.2'",
            "version": "==2.9.0.post0"
        },
        "pytz": {
            "hashes": [
                "sha256:360b9e3dbb49a209c21ad61809c7fb453643e048b38924c765813546746e81c3",
                "sha256:5ddf76296dd8c44c26eb8f4b6f35488f3ccbf6fbbd7adee0b7262d43f0ec2f00"
            ],
            "version": "==2025.2"
        },
        "setuptools": {
            "hashes": [
                "sha256:062d34222ad13e0cc312a4c02d73f059e86a4acbfbdea8f8f76b28c99f306922",
                "sha256:f36b47402ecde768dbfafc46e8e4207b4360c654f1f3bb84475f0a28628fb19c"
            ],
            "markers": "python_version >= '3.9'",
            "version": "==80.9.0"
        },
        "six": {
            "hashes": [
                "sha256:4721f391ed90541fddacab5acf947aa0d3dc7d27b2e1e8eda2be8970586c3274",
                "sha256:ff70335d468e7eb6ec65b95b99d3a2836546063f63acc5171de367e834932a81"
            ],
            "markers": "python_version >= '2.7' and python_version not in '3.0, 3.1, 3.2'",
            "version": "==1.17.0"
        },
        "tzdata": {
            "hashes": [
                "sha256:1a403fada01ff9221ca8044d701868fa132215d84beb92242d9acd2147f667a8",
                "sha256:b60a638fcc0daffadf82fe0f57e53d06bdec2f36c4df66280ae79bce6bd6f2b9"
            ],
            "markers": "python_version >= '2'",
            "version": "==2025.2"
        }
    },
    "develop": {}
}
